
Microsoft Visual Studio Solution File, Format Version 12.00
# Visual Studio Version 16
VisualStudioVersion = 16.0.30611.23
MinimumVisualStudioVersion = 15.0.26124.0
Project("{FAE04EC0-301F-11D3-BF4B-00C04F79EFBC}") = "Itog11.Objects", "Objects/Itog11.Objects.csproj", "7bf5d0fd-665a-46e5-aaac-f94b08407ec6"
EndProject
Project("{FAE04EC0-301F-11D3-BF4B-00C04F79EFBC}") = "Itog11.Tests", "Tests/Itog11.Tests.csproj", "1c99a567-32d0-4286-9a6d-9d0ca098634b"
EndProject
Project("{FAE04EC0-301F-11D3-BF4B-00C04F79EFBC}") = "Itog11.ODataBackend", "ODataBackend/Itog11.ODataBackend.csproj", "573ab5f0-b732-4038-b237-d38d261d0b7a"
EndProject
Project("{FAE04EC0-301F-11D3-BF4B-00C04F79EFBC}") = "Itog11.IntegrationTests", "IntegrationTests/Itog11.IntegrationTests.csproj", "b7cdfcaa-22b3-43da-8735-05cf710efaba"
EndProject
Global
	GlobalSection(SolutionConfigurationPlatforms) = preSolution
Debug|Any CPU = Debug|Any CPU
Release|Any CPU = Release|Any CPU
	EndGlobalSection
	GlobalSection(ProjectConfigurationPlatforms) = postSolution
		7bf5d0fd-665a-46e5-aaac-f94b08407ec6.Debug|Any CPU.ActiveCfg = Debug|Any CPU
		7bf5d0fd-665a-46e5-aaac-f94b08407ec6.Debug|Any CPU.Build.0 = Debug|Any CPU
		7bf5d0fd-665a-46e5-aaac-f94b08407ec6.Release|Any CPU.ActiveCfg = Release|Any CPU
		7bf5d0fd-665a-46e5-aaac-f94b08407ec6.Release|Any CPU.Build.0 = Release|Any CPU
		1c99a567-32d0-4286-9a6d-9d0ca098634b.Debug|Any CPU.ActiveCfg = Debug|Any CPU
		1c99a567-32d0-4286-9a6d-9d0ca098634b.Debug|Any CPU.Build.0 = Debug|Any CPU
		1c99a567-32d0-4286-9a6d-9d0ca098634b.Release|Any CPU.ActiveCfg = Release|Any CPU
		1c99a567-32d0-4286-9a6d-9d0ca098634b.Release|Any CPU.Build.0 = Release|Any CPU
		573ab5f0-b732-4038-b237-d38d261d0b7a.Debug|Any CPU.ActiveCfg = Debug|Any CPU
		573ab5f0-b732-4038-b237-d38d261d0b7a.Debug|Any CPU.Build.0 = Debug|Any CPU
		573ab5f0-b732-4038-b237-d38d261d0b7a.Release|Any CPU.ActiveCfg = Release|Any CPU
		573ab5f0-b732-4038-b237-d38d261d0b7a.Release|Any CPU.Build.0 = Release|Any CPU
		b7cdfcaa-22b3-43da-8735-05cf710efaba.Debug|Any CPU.ActiveCfg = Debug|Any CPU
		b7cdfcaa-22b3-43da-8735-05cf710efaba.Debug|Any CPU.Build.0 = Debug|Any CPU
		b7cdfcaa-22b3-43da-8735-05cf710efaba.Release|Any CPU.ActiveCfg = Release|Any CPU
		b7cdfcaa-22b3-43da-8735-05cf710efaba.Release|Any CPU.Build.0 = Release|Any CPU
	EndGlobalSection
	GlobalSection(SolutionProperties) = preSolution
		HideSolutionNode = FALSE
	EndGlobalSection
EndGlobal
